
Microsoft Visual Studio Solution File, Format Version 12.00
# Visual Studio Version 17
VisualStudioVersion = 17.4.33110.190
MinimumVisualStudioVersion = 10.0.40219.1
Project("{9A19103F-16F7-4668-BE54-9A1E7A4F7556}") = "university_api_backend", "university_api_backend.csproj", "{B1199FF8-E742-4007-8DB8-30477A87FFF7}"
EndProject
Project("{FAE04EC0-301F-11D3-BF4B-00C04F79EFBC}") = "LinqSnippets", "..\LinqSnippets\LinqSnippets.csproj", "{6D01EDD5-F6DD-4673-AF24-F60B743BABC5}"
EndProject
Global
	GlobalSection(SolutionConfigurationPlatforms) = preSolution
		Debug|Any CPU = Debug|Any CPU
		Release|Any CPU = Release|Any CPU
	EndGlobalSection
	GlobalSection(ProjectConfigurationPlatforms) = postSolution
		{B1199FF8-E742-4007-8DB8-30477A87FFF7}.Debug|Any CPU.ActiveCfg = Debug|Any CPU
		{B1199FF8-E742-4007-8DB8-30477A87FFF7}.Debug|Any CPU.Build.0 = Debug|Any CPU
		{B1199FF8-E742-4007-8DB8-30477A87FFF7}.Release|Any CPU.ActiveCfg = Release|Any CPU
		{B1199FF8-E742-4007-8DB8-30477A87FFF7}.Release|Any CPU.Build.0 = Release|Any CPU
		{6D01EDD5-F6DD-4673-AF24-F60B743BABC5}.Debug|Any CPU.ActiveCfg = Debug|Any CPU
		{6D01EDD5-F6DD-4673-AF24-F60B743BABC5}.Debug|Any CPU.Build.0 = Debug|Any CPU
		{6D01EDD5-F6DD-4673-AF24-F60B743BABC5}.Release|Any CPU.ActiveCfg = Release|Any CPU
		{6D01EDD5-F6DD-4673-AF24-F60B743BABC5}.Release|Any CPU.Build.0 = Release|Any CPU
	EndGlobalSection
	GlobalSection(SolutionProperties) = preSolution
		HideSolutionNode = FALSE
	EndGlobalSection
	GlobalSection(ExtensibilityGlobals) = postSolution
		SolutionGuid = {EECCCCB6-DDCE-44BE-A810-BB6D7BFA5A4F}
	EndGlobalSection
EndGlobal
